
Microsoft Visual Studio Solution File, Format Version 12.00
# Visual Studio 14
VisualStudioVersion = 14.0.24720.0
MinimumVisualStudioVersion = 10.0.40219.1
Project("{FAE04EC0-301F-11D3-BF4B-00C04F79EFBC}") = "MoecraftFramework", "MoecraftFramework\MoecraftFramework.csproj", "{BAE5A0A0-3B5D-439A-8E2C-BF98D4967490}"
EndProject
Project("{FAE04EC0-301F-11D3-BF4B-00C04F79EFBC}") = "测试用窗口", "测试用窗口\测试用窗口.csproj", "{D14E36AD-D2BF-497B-95F1-8F0F8733062A}"
EndProject
Project("{E24C65DC-7377-472B-9ABA-BC803B73C61A}") = "CodeEditor", "CodeEditor\", "{325CBABF-5F36-40E1-9481-79BABFB99D1F}"
	ProjectSection(WebsiteProperties) = preProject
		TargetFrameworkMoniker = ".NETFramework,Version%3Dv4.0"
		Debug.AspNetCompiler.VirtualPath = "/localhost_35623"
		Debug.AspNetCompiler.PhysicalPath = "CodeEditor\"
		Debug.AspNetCompiler.TargetPath = "PrecompiledWeb\localhost_35623\"
		Debug.AspNetCompiler.Updateable = "true"
		Debug.AspNetCompiler.ForceOverwrite = "true"
		Debug.AspNetCompiler.FixedNames = "false"
		Debug.AspNetCompiler.Debug = "True"
		Release.AspNetCompiler.VirtualPath = "/localhost_35623"
		Release.AspNetCompiler.PhysicalPath = "CodeEditor\"
		Release.AspNetCompiler.TargetPath = "PrecompiledWeb\localhost_35623\"
		Release.AspNetCompiler.Updateable = "true"
		Release.AspNetCompiler.ForceOverwrite = "true"
		Release.AspNetCompiler.FixedNames = "false"
		Release.AspNetCompiler.Debug = "False"
		VWDPort = "35623"
		SlnRelativePath = "CodeEditor\"
	EndProjectSection
EndProject
Project("{FAE04EC0-301F-11D3-BF4B-00C04F79EFBC}") = "CQDemoTP", "CQDemoTP\CQDemoTP.csproj", "{A56B0E63-82FD-40D8-B160-D8867149EA1C}"
EndProject
Global
	GlobalSection(SolutionConfigurationPlatforms) = preSolution
		Ad-Hoc|Any CPU = Ad-Hoc|Any CPU
		Ad-Hoc|ARM = Ad-Hoc|ARM
		Ad-Hoc|iPhone = Ad-Hoc|iPhone
		Ad-Hoc|iPhoneSimulator = Ad-Hoc|iPhoneSimulator
		Ad-Hoc|x64 = Ad-Hoc|x64
		Ad-Hoc|x86 = Ad-Hoc|x86
		AppStore|Any CPU = AppStore|Any CPU
		AppStore|ARM = AppStore|ARM
		AppStore|iPhone = AppStore|iPhone
		AppStore|iPhoneSimulator = AppStore|iPhoneSimulator
		AppStore|x64 = AppStore|x64
		AppStore|x86 = AppStore|x86
		Debug|Any CPU = Debug|Any CPU
		Debug|ARM = Debug|ARM
		Debug|iPhone = Debug|iPhone
		Debug|iPhoneSimulator = Debug|iPhoneSimulator
		Debug|x64 = Debug|x64
		Debug|x86 = Debug|x86
		Release|Any CPU = Release|Any CPU
		Release|ARM = Release|ARM
		Release|iPhone = Release|iPhone
		Release|iPhoneSimulator = Release|iPhoneSimulator
		Release|x64 = Release|x64
		Release|x86 = Release|x86
	EndGlobalSection
	GlobalSection(ProjectConfigurationPlatforms) = postSolution
		{BAE5A0A0-3B5D-439A-8E2C-BF98D4967490}.Ad-Hoc|Any CPU.ActiveCfg = Release|Any CPU
		{BAE5A0A0-3B5D-439A-8E2C-BF98D4967490}.Ad-Hoc|Any CPU.Build.0 = Release|Any CPU
		{BAE5A0A0-3B5D-439A-8E2C-BF98D4967490}.Ad-Hoc|ARM.ActiveCfg = Release|Any CPU
		{BAE5A0A0-3B5D-439A-8E2C-BF98D4967490}.Ad-Hoc|ARM.Build.0 = Release|Any CPU
		{BAE5A0A0-3B5D-439A-8E2C-BF98D4967490}.Ad-Hoc|iPhone.ActiveCfg = Release|Any CPU
		{BAE5A0A0-3B5D-439A-8E2C-BF98D4967490}.Ad-Hoc|iPhone.Build.0 = Release|Any CPU
		{BAE5A0A0-3B5D-439A-8E2C-BF98D4967490}.Ad-Hoc|iPhoneSimulator.ActiveCfg = Release|Any CPU
		{BAE5A0A0-3B5D-439A-8E2C-BF98D4967490}.Ad-Hoc|iPhoneSimulator.Build.0 = Release|Any CPU
		{BAE5A0A0-3B5D-439A-8E2C-BF98D4967490}.Ad-Hoc|x64.ActiveCfg = Release|Any CPU
		{BAE5A0A0-3B5D-439A-8E2C-BF98D4967490}.Ad-Hoc|x64.Build.0 = Release|Any CPU
		{BAE5A0A0-3B5D-439A-8E2C-BF98D4967490}.Ad-Hoc|x86.ActiveCfg = Release|Any CPU
		{BAE5A0A0-3B5D-439A-8E2C-BF98D4967490}.Ad-Hoc|x86.Build.0 = Release|Any CPU
		{BAE5A0A0-3B5D-439A-8E2C-BF98D4967490}.AppStore|Any CPU.ActiveCfg = Release|Any CPU
		{BAE5A0A0-3B5D-439A-8E2C-BF98D4967490}.AppStore|Any CPU.Build.0 = Release|Any CPU
		{BAE5A0A0-3B5D-439A-8E2C-BF98D4967490}.AppStore|ARM.ActiveCfg = Release|Any CPU
		{BAE5A0A0-3B5D-439A-8E2C-BF98D4967490}.AppStore|ARM.Build.0 = Release|Any CPU
		{BAE5A0A0-3B5D-439A-8E2C-BF98D4967490}.AppStore|iPhone.ActiveCfg = Release|Any CPU
		{BAE5A0A0-3B5D-439A-8E2C-BF98D4967490}.AppStore|iPhone.Build.0 = Release|Any CPU
		{BAE5A0A0-3B5D-439A-8E2C-BF98D4967490}.AppStore|iPhoneSimulator.ActiveCfg = Release|Any CPU
		{BAE5A0A0-3B5D-439A-8E2C-BF98D4967490}.AppStore|iPhoneSimulator.Build.0 = Release|Any CPU
		{BAE5A0A0-3B5D-439A-8E2C-BF98D4967490}.AppStore|x64.ActiveCfg = Release|Any CPU
		{BAE5A0A0-3B5D-439A-8E2C-BF98D4967490}.AppStore|x64.Build.0 = Release|Any CPU
		{BAE5A0A0-3B5D-439A-8E2C-BF98D4967490}.AppStore|x86.ActiveCfg = Release|Any CPU
		{BAE5A0A0-3B5D-439A-8E2C-BF98D4967490}.AppStore|x86.Build.0 = Release|Any CPU
		{BAE5A0A0-3B5D-439A-8E2C-BF98D4967490}.Debug|Any CPU.ActiveCfg = Debug|Any CPU
		{BAE5A0A0-3B5D-439A-8E2C-BF98D4967490}.Debug|Any CPU.Build.0 = Debug|Any CPU
		{BAE5A0A0-3B5D-439A-8E2C-BF98D4967490}.Debug|ARM.ActiveCfg = Debug|Any CPU
		{BAE5A0A0-3B5D-439A-8E2C-BF98D4967490}.Debug|ARM.Build.0 = Debug|Any CPU
		{BAE5A0A0-3B5D-439A-8E2C-BF98D4967490}.Debug|iPhone.ActiveCfg = Debug|Any CPU
		{BAE5A0A0-3B5D-439A-8E2C-BF98D4967490}.Debug|iPhone.Build.0 = Debug|Any CPU
		{BAE5A0A0-3B5D-439A-8E2C-BF98D4967490}.Debug|iPhoneSimulator.ActiveCfg = Debug|Any CPU
		{BAE5A0A0-3B5D-439A-8E2C-BF98D4967490}.Debug|iPhoneSimulator.Build.0 = Debug|Any CPU
		{BAE5A0A0-3B5D-439A-8E2C-BF98D4967490}.Debug|x64.ActiveCfg = Debug|Any CPU
		{BAE5A0A0-3B5D-439A-8E2C-BF98D4967490}.Debug|x64.Build.0 = Debug|Any CPU
		{BAE5A0A0-3B5D-439A-8E2C-BF98D4967490}.Debug|x86.ActiveCfg = Debug|Any CPU
		{BAE5A0A0-3B5D-439A-8E2C-BF98D4967490}.Debug|x86.Build.0 = Debug|Any CPU
		{BAE5A0A0-3B5D-439A-8E2C-BF98D4967490}.Release|Any CPU.ActiveCfg = Release|Any CPU
		{BAE5A0A0-3B5D-439A-8E2C-BF98D4967490}.Release|Any CPU.Build.0 = Release|Any CPU
		{BAE5A0A0-3B5D-439A-8E2C-BF98D4967490}.Release|ARM.ActiveCfg = Release|Any CPU
		{BAE5A0A0-3B5D-439A-8E2C-BF98D4967490}.Release|ARM.Build.0 = Release|Any CPU
		{BAE5A0A0-3B5D-439A-8E2C-BF98D4967490}.Release|iPhone.ActiveCfg = Release|Any CPU
		{BAE5A0A0-3B5D-439A-8E2C-BF98D4967490}.Release|iPhone.Build.0 = Release|Any CPU
		{BAE5A0A0-3B5D-439A-8E2C-BF98D4967490}.Release|iPhoneSimulator.ActiveCfg = Release|Any CPU
		{BAE5A0A0-3B5D-439A-8E2C-BF98D4967490}.Release|iPhoneSimulator.Build.0 = Release|Any CPU
		{BAE5A0A0-3B5D-439A-8E2C-BF98D4967490}.Release|x64.ActiveCfg = Release|Any CPU
		{BAE5A0A0-3B5D-439A-8E2C-BF98D4967490}.Release|x64.Build.0 = Release|Any CPU
		{BAE5A0A0-3B5D-439A-8E2C-BF98D4967490}.Release|x86.ActiveCfg = Release|Any CPU
		{BAE5A0A0-3B5D-439A-8E2C-BF98D4967490}.Release|x86.Build.0 = Release|Any CPU
		{D14E36AD-D2BF-497B-95F1-8F0F8733062A}.Ad-Hoc|Any CPU.ActiveCfg = Release|Any CPU
		{D14E36AD-D2BF-497B-95F1-8F0F8733062A}.Ad-Hoc|Any CPU.Build.0 = Release|Any CPU
		{D14E36AD-D2BF-497B-95F1-8F0F8733062A}.Ad-Hoc|ARM.ActiveCfg = Release|Any CPU
		{D14E36AD-D2BF-497B-95F1-8F0F8733062A}.Ad-Hoc|ARM.Build.0 = Release|Any CPU
		{D14E36AD-D2BF-497B-95F1-8F0F8733062A}.Ad-Hoc|iPhone.ActiveCfg = Release|Any CPU
		{D14E36AD-D2BF-497B-95F1-8F0F8733062A}.Ad-Hoc|iPhone.Build.0 = Release|Any CPU
		{D14E36AD-D2BF-497B-95F1-8F0F8733062A}.Ad-Hoc|iPhoneSimulator.ActiveCfg = Release|Any CPU
		{D14E36AD-D2BF-497B-95F1-8F0F8733062A}.Ad-Hoc|iPhoneSimulator.Build.0 = Release|Any CPU
		{D14E36AD-D2BF-497B-95F1-8F0F8733062A}.Ad-Hoc|x64.ActiveCfg = Release|Any CPU
		{D14E36AD-D2BF-497B-95F1-8F0F8733062A}.Ad-Hoc|x64.Build.0 = Release|Any CPU
		{D14E36AD-D2BF-497B-95F1-8F0F8733062A}.Ad-Hoc|x86.ActiveCfg = Release|Any CPU
		{D14E36AD-D2BF-497B-95F1-8F0F8733062A}.Ad-Hoc|x86.Build.0 = Release|Any CPU
		{D14E36AD-D2BF-497B-95F1-8F0F8733062A}.AppStore|Any CPU.ActiveCfg = Release|Any CPU
		{D14E36AD-D2BF-497B-95F1-8F0F8733062A}.AppStore|Any CPU.Build.0 = Release|Any CPU
		{D14E36AD-D2BF-497B-95F1-8F0F8733062A}.AppStore|ARM.ActiveCfg = Release|Any CPU
		{D14E36AD-D2BF-497B-95F1-8F0F8733062A}.AppStore|ARM.Build.0 = Release|Any CPU
		{D14E36AD-D2BF-497B-95F1-8F0F8733062A}.AppStore|iPhone.ActiveCfg = Release|Any CPU
		{D14E36AD-D2BF-497B-95F1-8F0F8733062A}.AppStore|iPhone.Build.0 = Release|Any CPU
		{D14E36AD-D2BF-497B-95F1-8F0F8733062A}.AppStore|iPhoneSimulator.ActiveCfg = Release|Any CPU
		{D14E36AD-D2BF-497B-95F1-8F0F8733062A}.AppStore|iPhoneSimulator.Build.0 = Release|Any CPU
		{D14E36AD-D2BF-497B-95F1-8F0F8733062A}.AppStore|x64.ActiveCfg = Release|Any CPU
		{D14E36AD-D2BF-497B-95F1-8F0F8733062A}.AppStore|x64.Build.0 = Release|Any CPU
		{D14E36AD-D2BF-497B-95F1-8F0F8733062A}.AppStore|x86.ActiveCfg = Release|Any CPU
		{D14E36AD-D2BF-497B-95F1-8F0F8733062A}.AppStore|x86.Build.0 = Release|Any CPU
		{D14E36AD-D2BF-497B-95F1-8F0F8733062A}.Debug|Any CPU.ActiveCfg = Debug|Any CPU
		{D14E36AD-D2BF-497B-95F1-8F0F8733062A}.Debug|Any CPU.Build.0 = Debug|Any CPU
		{D14E36AD-D2BF-497B-95F1-8F0F8733062A}.Debug|ARM.ActiveCfg = Debug|Any CPU
		{D14E36AD-D2BF-497B-95F1-8F0F8733062A}.Debug|ARM.Build.0 = Debug|Any CPU
		{D14E36AD-D2BF-497B-95F1-8F0F8733062A}.Debug|iPhone.ActiveCfg = Debug|Any CPU
		{D14E36AD-D2BF-497B-95F1-8F0F8733062A}.Debug|iPhone.Build.0 = Debug|Any CPU
		{D14E36AD-D2BF-497B-95F1-8F0F8733062A}.Debug|iPhoneSimulator.ActiveCfg = Debug|Any CPU
		{D14E36AD-D2BF-497B-95F1-8F0F8733062A}.Debug|iPhoneSimulator.Build.0 = Debug|Any CPU
		{D14E36AD-D2BF-497B-95F1-8F0F8733062A}.Debug|x64.ActiveCfg = Debug|Any CPU
		{D14E36AD-D2BF-497B-95F1-8F0F8733062A}.Debug|x64.Build.0 = Debug|Any CPU
		{D14E36AD-D2BF-497B-95F1-8F0F8733062A}.Debug|x86.ActiveCfg = Debug|Any CPU
		{D14E36AD-D2BF-497B-95F1-8F0F8733062A}.Debug|x86.Build.0 = Debug|Any CPU
		{D14E36AD-D2BF-497B-95F1-8F0F8733062A}.Release|Any CPU.ActiveCfg = Release|Any CPU
		{D14E36AD-D2BF-497B-95F1-8F0F8733062A}.Release|Any CPU.Build.0 = Release|Any CPU
		{D14E36AD-D2BF-497B-95F1-8F0F8733062A}.Release|ARM.ActiveCfg = Release|Any CPU
		{D14E36AD-D2BF-497B-95F1-8F0F8733062A}.Release|ARM.Build.0 = Release|Any CPU
		{D14E36AD-D2BF-497B-95F1-8F0F8733062A}.Release|iPhone.ActiveCfg = Release|Any CPU
		{D14E36AD-D2BF-497B-95F1-8F0F8733062A}.Release|iPhone.Build.0 = Release|Any CPU
		{D14E36AD-D2BF-497B-95F1-8F0F8733062A}.Release|iPhoneSimulator.ActiveCfg = Release|Any CPU
		{D14E36AD-D2BF-497B-95F1-8F0F8733062A}.Release|iPhoneSimulator.Build.0 = Release|Any CPU
		{D14E36AD-D2BF-497B-95F1-8F0F8733062A}.Release|x64.ActiveCfg = Release|Any CPU
		{D14E36AD-D2BF-497B-95F1-8F0F8733062A}.Release|x64.Build.0 = Release|Any CPU
		{D14E36AD-D2BF-497B-95F1-8F0F8733062A}.Release|x86.ActiveCfg = Release|Any CPU
		{D14E36AD-D2BF-497B-95F1-8F0F8733062A}.Release|x86.Build.0 = Release|Any CPU
		{325CBABF-5F36-40E1-9481-79BABFB99D1F}.Ad-Hoc|Any CPU.ActiveCfg = Debug|Any CPU
		{325CBABF-5F36-40E1-9481-79BABFB99D1F}.Ad-Hoc|Any CPU.Build.0 = Debug|Any CPU
		{325CBABF-5F36-40E1-9481-79BABFB99D1F}.Ad-Hoc|ARM.ActiveCfg = Debug|Any CPU
		{325CBABF-5F36-40E1-9481-79BABFB99D1F}.Ad-Hoc|ARM.Build.0 = Debug|Any CPU
		{325CBABF-5F36-40E1-9481-79BABFB99D1F}.Ad-Hoc|iPhone.ActiveCfg = Debug|Any CPU
		{325CBABF-5F36-40E1-9481-79BABFB99D1F}.Ad-Hoc|iPhone.Build.0 = Debug|Any CPU
		{325CBABF-5F36-40E1-9481-79BABFB99D1F}.Ad-Hoc|iPhoneSimulator.ActiveCfg = Debug|Any CPU
		{325CBABF-5F36-40E1-9481-79BABFB99D1F}.Ad-Hoc|iPhoneSimulator.Build.0 = Debug|Any CPU
		{325CBABF-5F36-40E1-9481-79BABFB99D1F}.Ad-Hoc|x64.ActiveCfg = Debug|Any CPU
		{325CBABF-5F36-40E1-9481-79BABFB99D1F}.Ad-Hoc|x64.Build.0 = Debug|Any CPU
		{325CBABF-5F36-40E1-9481-79BABFB99D1F}.Ad-Hoc|x86.ActiveCfg = Debug|Any CPU
		{325CBABF-5F36-40E1-9481-79BABFB99D1F}.Ad-Hoc|x86.Build.0 = Debug|Any CPU
		{325CBABF-5F36-40E1-9481-79BABFB99D1F}.AppStore|Any CPU.ActiveCfg = Debug|Any CPU
		{325CBABF-5F36-40E1-9481-79BABFB99D1F}.AppStore|Any CPU.Build.0 = Debug|Any CPU
		{325CBABF-5F36-40E1-9481-79BABFB99D1F}.AppStore|ARM.ActiveCfg = Debug|Any CPU
		{325CBABF-5F36-40E1-9481-79BABFB99D1F}.AppStore|ARM.Build.0 = Debug|Any CPU
		{325CBABF-5F36-40E1-9481-79BABFB99D1F}.AppStore|iPhone.ActiveCfg = Debug|Any CPU
		{325CBABF-5F36-40E1-9481-79BABFB99D1F}.AppStore|iPhone.Build.0 = Debug|Any CPU
		{325CBABF-5F36-40E1-9481-79BABFB99D1F}.AppStore|iPhoneSimulator.ActiveCfg = Debug|Any CPU
		{325CBABF-5F36-40E1-9481-79BABFB99D1F}.AppStore|iPhoneSimulator.Build.0 = Debug|Any CPU
		{325CBABF-5F36-40E1-9481-79BABFB99D1F}.AppStore|x64.ActiveCfg = Debug|Any CPU
		{325CBABF-5F36-40E1-9481-79BABFB99D1F}.AppStore|x64.Build.0 = Debug|Any CPU
		{325CBABF-5F36-40E1-9481-79BABFB99D1F}.AppStore|x86.ActiveCfg = Debug|Any CPU
		{325CBABF-5F36-40E1-9481-79BABFB99D1F}.AppStore|x86.Build.0 = Debug|Any CPU
		{325CBABF-5F36-40E1-9481-79BABFB99D1F}.Debug|Any CPU.ActiveCfg = Debug|Any CPU
		{325CBABF-5F36-40E1-9481-79BABFB99D1F}.Debug|Any CPU.Build.0 = Debug|Any CPU
		{325CBABF-5F36-40E1-9481-79BABFB99D1F}.Debug|ARM.ActiveCfg = Debug|Any CPU
		{325CBABF-5F36-40E1-9481-79BABFB99D1F}.Debug|ARM.Build.0 = Debug|Any CPU
		{325CBABF-5F36-40E1-9481-79BABFB99D1F}.Debug|iPhone.ActiveCfg = Debug|Any CPU
		{325CBABF-5F36-40E1-9481-79BABFB99D1F}.Debug|iPhone.Build.0 = Debug|Any CPU
		{325CBABF-5F36-40E1-9481-79BABFB99D1F}.Debug|iPhoneSimulator.ActiveCfg = Debug|Any CPU
		{325CBABF-5F36-40E1-9481-79BABFB99D1F}.Debug|iPhoneSimulator.Build.0 = Debug|Any CPU
		{325CBABF-5F36-40E1-9481-79BABFB99D1F}.Debug|x64.ActiveCfg = Debug|Any CPU
		{325CBABF-5F36-40E1-9481-79BABFB99D1F}.Debug|x64.Build.0 = Debug|Any CPU
		{325CBABF-5F36-40E1-9481-79BABFB99D1F}.Debug|x86.ActiveCfg = Debug|Any CPU
		{325CBABF-5F36-40E1-9481-79BABFB99D1F}.Debug|x86.Build.0 = Debug|Any CPU
		{325CBABF-5F36-40E1-9481-79BABFB99D1F}.Release|Any CPU.ActiveCfg = Debug|Any CPU
		{325CBABF-5F36-40E1-9481-79BABFB99D1F}.Release|Any CPU.Build.0 = Debug|Any CPU
		{325CBABF-5F36-40E1-9481-79BABFB99D1F}.Release|ARM.ActiveCfg = Debug|Any CPU
		{325CBABF-5F36-40E1-9481-79BABFB99D1F}.Release|ARM.Build.0 = Debug|Any CPU
		{325CBABF-5F36-40E1-9481-79BABFB99D1F}.Release|iPhone.ActiveCfg = Debug|Any CPU
		{325CBABF-5F36-40E1-9481-79BABFB99D1F}.Release|iPhone.Build.0 = Debug|Any CPU
		{325CBABF-5F36-40E1-9481-79BABFB99D1F}.Release|iPhoneSimulator.ActiveCfg = Debug|Any CPU
		{325CBABF-5F36-40E1-9481-79BABFB99D1F}.Release|iPhoneSimulator.Build.0 = Debug|Any CPU
		{325CBABF-5F36-40E1-9481-79BABFB99D1F}.Release|x64.ActiveCfg = Debug|Any CPU
		{325CBABF-5F36-40E1-9481-79BABFB99D1F}.Release|x64.Build.0 = Debug|Any CPU
		{325CBABF-5F36-40E1-9481-79BABFB99D1F}.Release|x86.ActiveCfg = Debug|Any CPU
		{325CBABF-5F36-40E1-9481-79BABFB99D1F}.Release|x86.Build.0 = Debug|Any CPU
		{A56B0E63-82FD-40D8-B160-D8867149EA1C}.Ad-Hoc|Any CPU.ActiveCfg = Release|Any CPU
		{A56B0E63-82FD-40D8-B160-D8867149EA1C}.Ad-Hoc|Any CPU.Build.0 = Release|Any CPU
		{A56B0E63-82FD-40D8-B160-D8867149EA1C}.Ad-Hoc|ARM.ActiveCfg = Release|Any CPU
		{A56B0E63-82FD-40D8-B160-D8867149EA1C}.Ad-Hoc|ARM.Build.0 = Release|Any CPU
		{A56B0E63-82FD-40D8-B160-D8867149EA1C}.Ad-Hoc|iPhone.ActiveCfg = Release|Any CPU
		{A56B0E63-82FD-40D8-B160-D8867149EA1C}.Ad-Hoc|iPhone.Build.0 = Release|Any CPU
		{A56B0E63-82FD-40D8-B160-D8867149EA1C}.Ad-Hoc|iPhoneSimulator.ActiveCfg = Release|Any CPU
		{A56B0E63-82FD-40D8-B160-D8867149EA1C}.Ad-Hoc|iPhoneSimulator.Build.0 = Release|Any CPU
		{A56B0E63-82FD-40D8-B160-D8867149EA1C}.Ad-Hoc|x64.ActiveCfg = Release|Any CPU
		{A56B0E63-82FD-40D8-B160-D8867149EA1C}.Ad-Hoc|x64.Build.0 = Release|Any CPU
		{A56B0E63-82FD-40D8-B160-D8867149EA1C}.Ad-Hoc|x86.ActiveCfg = Release|Any CPU
		{A56B0E63-82FD-40D8-B160-D8867149EA1C}.Ad-Hoc|x86.Build.0 = Release|Any CPU
		{A56B0E63-82FD-40D8-B160-D8867149EA1C}.AppStore|Any CPU.ActiveCfg = Release|Any CPU
		{A56B0E63-82FD-40D8-B160-D8867149EA1C}.AppStore|Any CPU.Build.0 = Release|Any CPU
		{A56B0E63-82FD-40D8-B160-D8867149EA1C}.AppStore|ARM.ActiveCfg = Release|Any CPU
		{A56B0E63-82FD-40D8-B160-D8867149EA1C}.AppStore|ARM.Build.0 = Release|Any CPU
		{A56B0E63-82FD-40D8-B160-D8867149EA1C}.AppStore|iPhone.ActiveCfg = Release|Any CPU
		{A56B0E63-82FD-40D8-B160-D8867149EA1C}.AppStore|iPhone.Build.0 = Release|Any CPU
		{A56B0E63-82FD-40D8-B160-D8867149EA1C}.AppStore|iPhoneSimulator.ActiveCfg = Release|Any CPU
		{A56B0E63-82FD-40D8-B160-D8867149EA1C}.AppStore|iPhoneSimulator.Build.0 = Release|Any CPU
		{A56B0E63-82FD-40D8-B160-D8867149EA1C}.AppStore|x64.ActiveCfg = Release|Any CPU
		{A56B0E63-82FD-40D8-B160-D8867149EA1C}.AppStore|x64.Build.0 = Release|Any CPU
		{A56B0E63-82FD-40D8-B160-D8867149EA1C}.AppStore|x86.ActiveCfg = Release|Any CPU
		{A56B0E63-82FD-40D8-B160-D8867149EA1C}.AppStore|x86.Build.0 = Release|Any CPU
		{A56B0E63-82FD-40D8-B160-D8867149EA1C}.Debug|Any CPU.ActiveCfg = Debug|Any CPU
		{A56B0E63-82FD-40D8-B160-D8867149EA1C}.Debug|Any CPU.Build.0 = Debug|Any CPU
		{A56B0E63-82FD-40D8-B160-D8867149EA1C}.Debug|ARM.ActiveCfg = Debug|Any CPU
		{A56B0E63-82FD-40D8-B160-D8867149EA1C}.Debug|ARM.Build.0 = Debug|Any CPU
		{A56B0E63-82FD-40D8-B160-D8867149EA1C}.Debug|iPhone.ActiveCfg = Debug|Any CPU
		{A56B0E63-82FD-40D8-B160-D8867149EA1C}.Debug|iPhone.Build.0 = Debug|Any CPU
		{A56B0E63-82FD-40D8-B160-D8867149EA1C}.Debug|iPhoneSimulator.ActiveCfg = Debug|Any CPU
		{A56B0E63-82FD-40D8-B160-D8867149EA1C}.Debug|iPhoneSimulator.Build.0 = Debug|Any CPU
		{A56B0E63-82FD-40D8-B160-D8867149EA1C}.Debug|x64.ActiveCfg = Debug|Any CPU
		{A56B0E63-82FD-40D8-B160-D8867149EA1C}.Debug|x64.Build.0 = Debug|Any CPU
		{A56B0E63-82FD-40D8-B160-D8867149EA1C}.Debug|x86.ActiveCfg = Debug|Any CPU
		{A56B0E63-82FD-40D8-B160-D8867149EA1C}.Debug|x86.Build.0 = Debug|Any CPU
		{A56B0E63-82FD-40D8-B160-D8867149EA1C}.Release|Any CPU.ActiveCfg = Release|Any CPU
		{A56B0E63-82FD-40D8-B160-D8867149EA1C}.Release|Any CPU.Build.0 = Release|Any CPU
		{A56B0E63-82FD-40D8-B160-D8867149EA1C}.Release|ARM.ActiveCfg = Release|Any CPU
		{A56B0E63-82FD-40D8-B160-D8867149EA1C}.Release|ARM.Build.0 = Release|Any CPU
		{A56B0E63-82FD-40D8-B160-D8867149EA1C}.Release|iPhone.ActiveCfg = Release|Any CPU
		{A56B0E63-82FD-40D8-B160-D8867149EA1C}.Release|iPhone.Build.0 = Release|Any CPU
		{A56B0E63-82FD-40D8-B160-D8867149EA1C}.Release|iPhoneSimulator.ActiveCfg = Release|Any CPU
		{A56B0E63-82FD-40D8-B160-D8867149EA1C}.Release|iPhoneSimulator.Build.0 = Release|Any CPU
		{A56B0E63-82FD-40D8-B160-D8867149EA1C}.Release|x64.ActiveCfg = Release|Any CPU
		{A56B0E63-82FD-40D8-B160-D8867149EA1C}.Release|x64.Build.0 = Release|Any CPU
		{A56B0E63-82FD-40D8-B160-D8867149EA1C}.Release|x86.ActiveCfg = Release|Any CPU
		{A56B0E63-82FD-40D8-B160-D8867149EA1C}.Release|x86.Build.0 = Release|Any CPU
	EndGlobalSection
	GlobalSection(SolutionProperties) = preSolution
		HideSolutionNode = FALSE
	EndGlobalSection
EndGlobal
